
Microsoft Visual Studio Solution File, Format Version 12.00
# Visual Studio 15
VisualStudioVersion = 15.0.27703.2042
MinimumVisualStudioVersion = 10.0.40219.1
Project("{FAE04EC0-301F-11D3-BF4B-00C04F79EFBC}") = "WoWBackupHelper", "WoWBackupHelper.csproj", "{08768F70-88E8-4B31-9892-D7D3AAF06212}"
EndProject
Global
	GlobalSection(SolutionConfigurationPlatforms) = preSolution
		Debug|Any CPU = Debug|Any CPU
		Release|Any CPU = Release|Any CPU
	EndGlobalSection
	GlobalSection(ProjectConfigurationPlatforms) = postSolution
		{08768F70-88E8-4B31-9892-D7D3AAF06212}.Debug|Any CPU.ActiveCfg = Debug|Any CPU
		{08768F70-88E8-4B31-9892-D7D3AAF06212}.Debug|Any CPU.Build.0 = Debug|Any CPU
		{08768F70-88E8-4B31-9892-D7D3AAF06212}.Release|Any CPU.ActiveCfg = Release|Any CPU
		{08768F70-88E8-4B31-9892-D7D3AAF06212}.Release|Any CPU.Build.0 = Release|Any CPU
	EndGlobalSection
	GlobalSection(SolutionProperties) = preSolution
		HideSolutionNode = FALSE
	EndGlobalSection
	GlobalSection(ExtensibilityGlobals) = postSolution
		SolutionGuid = {A781A749-F3F8-4263-8D9C-09493B084BBF}
	EndGlobalSection
EndGlobal
